// !$*UTF8*$!
{
	archiveVersion = 1;
	classes = {
	};
	objectVersion = 56;
	objects = {

/* Begin PBXBuildFile section */
		070C676E2BB30B2800318109 /* WeatherAppApp.swift in Sources */ = {isa = PBXBuildFile; fileRef = 070C676D2BB30B2800318109 /* WeatherAppApp.swift */; };
		070C67702BB30B2800318109 /* ContentView.swift in Sources */ = {isa = PBXBuildFile; fileRef = 070C676F2BB30B2800318109 /* ContentView.swift */; };
		070C67722BB30B2A00318109 /* Assets.xcassets in Resources */ = {isa = PBXBuildFile; fileRef = 070C67712BB30B2A00318109 /* Assets.xcassets */; };
		070C67752BB30B2A00318109 /* Preview Assets.xcassets in Resources */ = {isa = PBXBuildFile; fileRef = 070C67742BB30B2A00318109 /* Preview Assets.xcassets */; };
		070C677F2BB30BB800318109 /* Location.swift in Sources */ = {isa = PBXBuildFile; fileRef = 070C677E2BB30BB800318109 /* Location.swift */; };
		070C67812BB30C5900318109 /* Weather.swift in Sources */ = {isa = PBXBuildFile; fileRef = 070C67802BB30C5900318109 /* Weather.swift */; };
		070C67842BB30CE500318109 /* APIEndpoint.swift in Sources */ = {isa = PBXBuildFile; fileRef = 070C67832BB30CE500318109 /* APIEndpoint.swift */; };
		070C67892BB30E2100318109 /* Constants.swift in Sources */ = {isa = PBXBuildFile; fileRef = 070C67882BB30E2100318109 /* Constants.swift */; };
		070C678B2BB30F1D00318109 /* GeocodingClient.swift in Sources */ = {isa = PBXBuildFile; fileRef = 070C678A2BB30F1D00318109 /* GeocodingClient.swift */; };
		070C678D2BB310E400318109 /* WeatherClient.swift in Sources */ = {isa = PBXBuildFile; fileRef = 070C678C2BB310E400318109 /* WeatherClient.swift */; };
		070C67902BB313BE00318109 /* MeasurementFormatter+Extensions.swift in Sources */ = {isa = PBXBuildFile; fileRef = 070C678F2BB313BE00318109 /* MeasurementFormatter+Extensions.swift */; };
/* End PBXBuildFile section */

/* Begin PBXFileReference section */
		070C676A2BB30B2800318109 /* WeatherApp.app */ = {isa = PBXFileReference; explicitFileType = wrapper.application; includeInIndex = 0; path = WeatherApp.app; sourceTree = BUILT_PRODUCTS_DIR; };
		070C676D2BB30B2800318109 /* WeatherAppApp.swift */ = {isa = PBXFileReference; lastKnownFileType = sourcecode.swift; path = WeatherAppApp.swift; sourceTree = "<group>"; };
		070C676F2BB30B2800318109 /* ContentView.swift */ = {isa = PBXFileReference; lastKnownFileType = sourcecode.swift; path = ContentView.swift; sourceTree = "<group>"; };
		070C67712BB30B2A00318109 /* Assets.xcassets */ = {isa = PBXFileReference; lastKnownFileType = folder.assetcatalog; path = Assets.xcassets; sourceTree = "<group>"; };
		070C67742BB30B2A00318109 /* Preview Assets.xcassets */ = {isa = PBXFileReference; lastKnownFileType = folder.assetcatalog; path = "Preview Assets.xcassets"; sourceTree = "<group>"; };
		070C677E2BB30BB800318109 /* Location.swift */ = {isa = PBXFileReference; lastKnownFileType = sourcecode.swift; path = Location.swift; sourceTree = "<group>"; };
		070C67802BB30C5900318109 /* Weather.swift */ = {isa = PBXFileReference; lastKnownFileType = sourcecode.swift; path = Weather.swift; sourceTree = "<group>"; };
		070C67832BB30CE500318109 /* APIEndpoint.swift */ = {isa = PBXFileReference; lastKnownFileType = sourcecode.swift; path = APIEndpoint.swift; sourceTree = "<group>"; };
		070C67882BB30E2100318109 /* Constants.swift */ = {isa = PBXFileReference; lastKnownFileType = sourcecode.swift; path = Constants.swift; sourceTree = "<group>"; };
		070C678A2BB30F1D00318109 /* GeocodingClient.swift */ = {isa = PBXFileReference; lastKnownFileType = sourcecode.swift; path = GeocodingClient.swift; sourceTree = "<group>"; };
		070C678C2BB310E400318109 /* WeatherClient.swift */ = {isa = PBXFileReference; lastKnownFileType = sourcecode.swift; path = WeatherClient.swift; sourceTree = "<group>"; };
		070C678F2BB313BE00318109 /* MeasurementFormatter+Extensions.swift */ = {isa = PBXFileReference; lastKnownFileType = sourcecode.swift; path = "MeasurementFormatter+Extensions.swift"; sourceTree = "<group>"; };
/* End PBXFileReference section */

/* Begin PBXFrameworksBuildPhase section */
		070C67672BB30B2800318109 /* Frameworks */ = {
			isa = PBXFrameworksBuildPhase;
			buildActionMask = 2147483647;
			files = (
			);
			runOnlyForDeploymentPostprocessing = 0;
		};
/* End PBXFrameworksBuildPhase section */

/* Begin PBXGroup section */
		070C67612BB30B2800318109 = {
			isa = PBXGroup;
			children = (
				070C676C2BB30B2800318109 /* WeatherApp */,
				070C676B2BB30B2800318109 /* Products */,
			);
			sourceTree = "<group>";
		};
		070C676B2BB30B2800318109 /* Products */ = {
			isa = PBXGroup;
			children = (
				070C676A2BB30B2800318109 /* WeatherApp.app */,
			);
			name = Products;
			sourceTree = "<group>";
		};
		070C676C2BB30B2800318109 /* WeatherApp */ = {
			isa = PBXGroup;
			children = (
				070C678E2BB313A700318109 /* Extensions */,
				070C67852BB30D7100318109 /* Utilities */,
				070C67822BB30CD400318109 /* Clients */,
				070C677B2BB30B7700318109 /* Models */,
				070C676D2BB30B2800318109 /* WeatherAppApp.swift */,
				070C676F2BB30B2800318109 /* ContentView.swift */,
				070C67712BB30B2A00318109 /* Assets.xcassets */,
				070C67732BB30B2A00318109 /* Preview Content */,
			);
			path = WeatherApp;
			sourceTree = "<group>";
		};
		070C67732BB30B2A00318109 /* Preview Content */ = {
			isa = PBXGroup;
			children = (
				070C67742BB30B2A00318109 /* Preview Assets.xcassets */,
			);
			path = "Preview Content";
			sourceTree = "<group>";
		};
		070C677B2BB30B7700318109 /* Models */ = {
			isa = PBXGroup;
			children = (
				070C677E2BB30BB800318109 /* Location.swift */,
				070C67802BB30C5900318109 /* Weather.swift */,
			);
			path = Models;
			sourceTree = "<group>";
		};
		070C67822BB30CD400318109 /* Clients */ = {
			isa = PBXGroup;
			children = (
				070C67832BB30CE500318109 /* APIEndpoint.swift */,
				070C678A2BB30F1D00318109 /* GeocodingClient.swift */,
				070C678C2BB310E400318109 /* WeatherClient.swift */,
			);
			path = Clients;
			sourceTree = "<group>";
		};
		070C67852BB30D7100318109 /* Utilities */ = {
			isa = PBXGroup;
			children = (
				070C67882BB30E2100318109 /* Constants.swift */,
			);
			path = Utilities;
			sourceTree = "<group>";
		};
		070C678E2BB313A700318109 /* Extensions */ = {
			isa = PBXGroup;
			children = (
				070C678F2BB313BE00318109 /* MeasurementFormatter+Extensions.swift */,
			);
			path = Extensions;
			sourceTree = "<group>";
		};
/* End PBXGroup section */

/* Begin PBXNativeTarget section */
		070C67692BB30B2800318109 /* WeatherApp */ = {
			isa = PBXNativeTarget;
			buildConfigurationList = 070C67782BB30B2A00318109 /* Build configuration list for PBXNativeTarget "WeatherApp" */;
			buildPhases = (
				070C67662BB30B2800318109 /* Sources */,
				070C67672BB30B2800318109 /* Frameworks */,
				070C67682BB30B2800318109 /* Resources */,
			);
			buildRules = (
			);
			dependencies = (
			);
			name = WeatherApp;
			productName = WeatherApp;
			productReference = 070C676A2BB30B2800318109 /* WeatherApp.app */;
			productType = "com.apple.product-type.application";
		};
/* End PBXNativeTarget section */

/* Begin PBXProject section */
		070C67622BB30B2800318109 /* Project object */ = {
			isa = PBXProject;
			attributes = {
				BuildIndependentTargetsInParallel = 1;
				LastSwiftUpdateCheck = 1530;
				LastUpgradeCheck = 1530;
				TargetAttributes = {
					070C67692BB30B2800318109 = {
						CreatedOnToolsVersion = 15.3;
					};
				};
			};
			buildConfigurationList = 070C67652BB30B2800318109 /* Build configuration list for PBXProject "WeatherApp" */;
			compatibilityVersion = "Xcode 14.0";
			developmentRegion = en;
			hasScannedForEncodings = 0;
			knownRegions = (
				en,
				Base,
			);
			mainGroup = 070C67612BB30B2800318109;
			productRefGroup = 070C676B2BB30B2800318109 /* Products */;
			projectDirPath = "";
			projectRoot = "";
			targets = (
				070C67692BB30B2800318109 /* WeatherApp */,
			);
		};
/* End PBXProject section */

/* Begin PBXResourcesBuildPhase section */
		070C67682BB30B2800318109 /* Resources */ = {
			isa = PBXResourcesBuildPhase;
			buildActionMask = 2147483647;
			files = (
				070C67752BB30B2A00318109 /* Preview Assets.xcassets in Resources */,
				070C67722BB30B2A00318109 /* Assets.xcassets in Resources */,
			);
			runOnlyForDeploymentPostprocessing = 0;
		};
/* End PBXResourcesBuildPhase section */

/* Begin PBXSourcesBuildPhase section */
		070C67662BB30B2800318109 /* Sources */ = {
			isa = PBXSourcesBuildPhase;
			buildActionMask = 2147483647;
			files = (
				070C67812BB30C5900318109 /* Weather.swift in Sources */,
				070C67702BB30B2800318109 /* ContentView.swift in Sources */,
				070C678B2BB30F1D00318109 /* GeocodingClient.swift in Sources */,
				070C677F2BB30BB800318109 /* Location.swift in Sources */,
				070C676E2BB30B2800318109 /* WeatherAppApp.swift in Sources */,
				070C67902BB313BE00318109 /* MeasurementFormatter+Extensions.swift in Sources */,
				070C678D2BB310E400318109 /* WeatherClient.swift in Sources */,
				070C67842BB30CE500318109 /* APIEndpoint.swift in Sources */,
				070C67892BB30E2100318109 /* Constants.swift in Sources */,
			);
			runOnlyForDeploymentPostprocessing = 0;
		};
/* End PBXSourcesBuildPhase section */

/* Begin XCBuildConfiguration section */
		070C67762BB30B2A00318109 /* Debug */ = {
			isa = XCBuildConfiguration;
			buildSettings = {
				ALWAYS_SEARCH_USER_PATHS = NO;
				ASSETCATALOG_COMPILER_GENERATE_SWIFT_ASSET_SYMBOL_EXTENSIONS = YES;
				CLANG_ANALYZER_NONNULL = YES;
				CLANG_ANALYZER_NUMBER_OBJECT_CONVERSION = YES_AGGRESSIVE;
				CLANG_CXX_LANGUAGE_STANDARD = "gnu++20";
				CLANG_ENABLE_MODULES = YES;
				CLANG_ENABLE_OBJC_ARC = YES;
				CLANG_ENABLE_OBJC_WEAK = YES;
				CLANG_WARN_BLOCK_CAPTURE_AUTORELEASING = YES;
				CLANG_WARN_BOOL_CONVERSION = YES;
				CLANG_WARN_COMMA = YES;
				CLANG_WARN_CONSTANT_CONVERSION = YES;
				CLANG_WARN_DEPRECATED_OBJC_IMPLEMENTATIONS = YES;
				CLANG_WARN_DIRECT_OBJC_ISA_USAGE = YES_ERROR;
				CLANG_WARN_DOCUMENTATION_COMMENTS = YES;
				CLANG_WARN_EMPTY_BODY = YES;
				CLANG_WARN_ENUM_CONVERSION = YES;
				CLANG_WARN_INFINITE_RECURSION = YES;
				CLANG_WARN_INT_CONVERSION = YES;
				CLANG_WARN_NON_LITERAL_NULL_CONVERSION = YES;
				CLANG_WARN_OBJC_IMPLICIT_RETAIN_SELF = YES;
				CLANG_WARN_OBJC_LITERAL_CONVERSION = YES;
				CLANG_WARN_OBJC_ROOT_CLASS = YES_ERROR;
				CLANG_WARN_QUOTED_INCLUDE_IN_FRAMEWORK_HEADER = YES;
				CLANG_WARN_RANGE_LOOP_ANALYSIS = YES;
				CLANG_WARN_STRICT_PROTOTYPES = YES;
				CLANG_WARN_SUSPICIOUS_MOVE = YES;
				CLANG_WARN_UNGUARDED_AVAILABILITY = YES_AGGRESSIVE;
				CLANG_WARN_UNREACHABLE_CODE = YES;
				CLANG_WARN__DUPLICATE_METHOD_MATCH = YES;
				COPY_PHASE_STRIP = NO;
				DEBUG_INFORMATION_FORMAT = dwarf;
				ENABLE_STRICT_OBJC_MSGSEND = YES;
				ENABLE_TESTABILITY = YES;
				ENABLE_USER_SCRIPT_SANDBOXING = YES;
				GCC_C_LANGUAGE_STANDARD = gnu17;
				GCC_DYNAMIC_NO_PIC = NO;
				GCC_NO_COMMON_BLOCKS = YES;
				GCC_OPTIMIZATION_LEVEL = 0;
				GCC_PREPROCESSOR_DEFINITIONS = (
					"DEBUG=1",
					"$(inherited)",
				);
				GCC_WARN_64_TO_32_BIT_CONVERSION = YES;
				GCC_WARN_ABOUT_RETURN_TYPE = YES_ERROR;
				GCC_WARN_UNDECLARED_SELECTOR = YES;
				GCC_WARN_UNINITIALIZED_AUTOS = YES_AGGRESSIVE;
				GCC_WARN_UNUSED_FUNCTION = YES;
				GCC_WARN_UNUSED_VARIABLE = YES;
				IPHONEOS_DEPLOYMENT_TARGET = 17.4;
				LOCALIZATION_PREFERS_STRING_CATALOGS = YES;
				MTL_ENABLE_DEBUG_INFO = INCLUDE_SOURCE;
				MTL_FAST_MATH = YES;
				ONLY_ACTIVE_ARCH = YES;
				SDKROOT = iphoneos;
				SWIFT_ACTIVE_COMPILATION_CONDITIONS = "DEBUG $(inherited)";
				SWIFT_OPTIMIZATION_LEVEL = "-Onone";
			};
			name = Debug;
		};
		070C67772BB30B2A00318109 /* Release */ = {
			isa = XCBuildConfiguration;
			buildSettings = {
				ALWAYS_SEARCH_USER_PATHS = NO;
				ASSETCATALOG_COMPILER_GENERATE_SWIFT_ASSET_SYMBOL_EXTENSIONS = YES;
				CLANG_ANALYZER_NONNULL = YES;
				CLANG_ANALYZER_NUMBER_OBJECT_CONVERSION = YES_AGGRESSIVE;
				CLANG_CXX_LANGUAGE_STANDARD = "gnu++20";
				CLANG_ENABLE_MODULES = YES;
				CLANG_ENABLE_OBJC_ARC = YES;
				CLANG_ENABLE_OBJC_WEAK = YES;
				CLANG_WARN_BLOCK_CAPTURE_AUTORELEASING = YES;
				CLANG_WARN_BOOL_CONVERSION = YES;
				CLANG_WARN_COMMA = YES;
				CLANG_WARN_CONSTANT_CONVERSION = YES;
				CLANG_WARN_DEPRECATED_OBJC_IMPLEMENTATIONS = YES;
				CLANG_WARN_DIRECT_OBJC_ISA_USAGE = YES_ERROR;
				CLANG_WARN_DOCUMENTATION_COMMENTS = YES;
				CLANG_WARN_EMPTY_BODY = YES;
				CLANG_WARN_ENUM_CONVERSION = YES;
				CLANG_WARN_INFINITE_RECURSION = YES;
				CLANG_WARN_INT_CONVERSION = YES;
				CLANG_WARN_NON_LITERAL_NULL_CONVERSION = YES;
				CLANG_WARN_OBJC_IMPLICIT_RETAIN_SELF = YES;
				CLANG_WARN_OBJC_LITERAL_CONVERSION = YES;
				CLANG_WARN_OBJC_ROOT_CLASS = YES_ERROR;
				CLANG_WARN_QUOTED_INCLUDE_IN_FRAMEWORK_HEADER = YES;
				CLANG_WARN_RANGE_LOOP_ANALYSIS = YES;
				CLANG_WARN_STRICT_PROTOTYPES = YES;
				CLANG_WARN_SUSPICIOUS_MOVE = YES;
				CLANG_WARN_UNGUARDED_AVAILABILITY = YES_AGGRESSIVE;
				CLANG_WARN_UNREACHABLE_CODE = YES;
				CLANG_WARN__DUPLICATE_METHOD_MATCH = YES;
				COPY_PHASE_STRIP = NO;
				DEBUG_INFORMATION_FORMAT = "dwarf-with-dsym";
				ENABLE_NS_ASSERTIONS = NO;
				ENABLE_STRICT_OBJC_MSGSEND = YES;
				ENABLE_USER_SCRIPT_SANDBOXING = YES;
				GCC_C_LANGUAGE_STANDARD = gnu17;
				GCC_NO_COMMON_BLOCKS = YES;
				GCC_WARN_64_TO_32_BIT_CONVERSION = YES;
				GCC_WARN_ABOUT_RETURN_TYPE = YES_ERROR;
				GCC_WARN_UNDECLARED_SELECTOR = YES;
				GCC_WARN_UNINITIALIZED_AUTOS = YES_AGGRESSIVE;
				GCC_WARN_UNUSED_FUNCTION = YES;
				GCC_WARN_UNUSED_VARIABLE = YES;
				IPHONEOS_DEPLOYMENT_TARGET = 17.4;
				LOCALIZATION_PREFERS_STRING_CATALOGS = YES;
				MTL_ENABLE_DEBUG_INFO = NO;
				MTL_FAST_MATH = YES;
				SDKROOT = iphoneos;
				SWIFT_COMPILATION_MODE = wholemodule;
				VALIDATE_PRODUCT = YES;
			};
			name = Release;
		};
		070C67792BB30B2A00318109 /* Debug */ = {
			isa = XCBuildConfiguration;
			buildSettings = {
				ASSETCATALOG_COMPILER_APPICON_NAME = AppIcon;
				ASSETCATALOG_COMPILER_GLOBAL_ACCENT_COLOR_NAME = AccentColor;
				CODE_SIGN_STYLE = Automatic;
				CURRENT_PROJECT_VERSION = 1;
				DEVELOPMENT_ASSET_PATHS = "\"WeatherApp/Preview Content\"";
				DEVELOPMENT_TEAM = H7MDDDPC4H;
				ENABLE_PREVIEWS = YES;
				GENERATE_INFOPLIST_FILE = YES;
				INFOPLIST_KEY_UIApplicationSceneManifest_Generation = YES;
				INFOPLIST_KEY_UIApplicationSupportsIndirectInputEvents = YES;
				INFOPLIST_KEY_UILaunchScreen_Generation = YES;
				INFOPLIST_KEY_UISupportedInterfaceOrientations_iPad = "UIInterfaceOrientationPortrait UIInterfaceOrientationPortraitUpsideDown UIInterfaceOrientationLandscapeLeft UIInterfaceOrientationLandscapeRight";
				INFOPLIST_KEY_UISupportedInterfaceOrientations_iPhone = "UIInterfaceOrientationPortrait UIInterfaceOrientationLandscapeLeft UIInterfaceOrientationLandscapeRight";
				LD_RUNPATH_SEARCH_PATHS = (
					"$(inherited)",
					"@executable_path/Frameworks",
				);
				MARKETING_VERSION = 1.0;
				PRODUCT_BUNDLE_IDENTIFIER = com.eric.WeatherApp;
				PRODUCT_NAME = "$(TARGET_NAME)";
				SWIFT_EMIT_LOC_STRINGS = YES;
				SWIFT_VERSION = 5.0;
				TARGETED_DEVICE_FAMILY = "1,2";
			};
			name = Debug;
		};
		070C677A2BB30B2A00318109 /* Release */ = {
			isa = XCBuildConfiguration;
			buildSettings = {
				ASSETCATALOG_COMPILER_APPICON_NAME = AppIcon;
				ASSETCATALOG_COMPILER_GLOBAL_ACCENT_COLOR_NAME = AccentColor;
				CODE_SIGN_STYLE = Automatic;
				CURRENT_PROJECT_VERSION = 1;
				DEVELOPMENT_ASSET_PATHS = "\"WeatherApp/Preview Content\"";
				DEVELOPMENT_TEAM = H7MDDDPC4H;
				ENABLE_PREVIEWS = YES;
				GENERATE_INFOPLIST_FILE = YES;
				INFOPLIST_KEY_UIApplicationSceneManifest_Generation = YES;
				INFOPLIST_KEY_UIApplicationSupportsIndirectInputEvents = YES;
				INFOPLIST_KEY_UILaunchScreen_Generation = YES;
				INFOPLIST_KEY_UISupportedInterfaceOrientations_iPad = "UIInterfaceOrientationPortrait UIInterfaceOrientationPortraitUpsideDown UIInterfaceOrientationLandscapeLeft UIInterfaceOrientationLandscapeRight";
				INFOPLIST_KEY_UISupportedInterfaceOrientations_iPhone = "UIInterfaceOrientationPortrait UIInterfaceOrientationLandscapeLeft UIInterfaceOrientationLandscapeRight";
				LD_RUNPATH_SEARCH_PATHS = (
					"$(inherited)",
					"@executable_path/Frameworks",
				);
				MARKETING_VERSION = 1.0;
				PRODUCT_BUNDLE_IDENTIFIER = com.eric.WeatherApp;
				PRODUCT_NAME = "$(TARGET_NAME)";
				SWIFT_EMIT_LOC_STRINGS = YES;
				SWIFT_VERSION = 5.0;
				TARGETED_DEVICE_FAMILY = "1,2";
			};
			name = Release;
		};
/* End XCBuildConfiguration section */

/* Begin XCConfigurationList section */
		070C67652BB30B2800318109 /* Build configuration list for PBXProject "WeatherApp" */ = {
			isa = XCConfigurationList;
			buildConfigurations = (
				070C67762BB30B2A00318109 /* Debug */,
				070C67772BB30B2A00318109 /* Release */,
			);
			defaultConfigurationIsVisible = 0;
			defaultConfigurationName = Release;
		};
		070C67782BB30B2A00318109 /* Build configuration list for PBXNativeTarget "WeatherApp" */ = {
			isa = XCConfigurationList;
			buildConfigurations = (
				070C67792BB30B2A00318109 /* Debug */,
				070C677A2BB30B2A00318109 /* Release */,
			);
			defaultConfigurationIsVisible = 0;
			defaultConfigurationName = Release;
		};
/* End XCConfigurationList section */
	};
	rootObject = 070C67622BB30B2800318109 /* Project object */;
}
